
Microsoft Visual Studio Solution File, Format Version 12.00
# Visual Studio Version 16
VisualStudioVersion = 16.0.31702.278
MinimumVisualStudioVersion = 10.0.40219.1
Project("{8BC9CEB8-8B4A-11D0-8D11-00A0C91BC942}") = "Binary_Search", "Binary_Search\Binary_Search.vcxproj", "{B75174A2-2C5A-4E4F-AF71-3776B5FA6EEC}"
EndProject
Global
	GlobalSection(SolutionConfigurationPlatforms) = preSolution
		Debug|x64 = Debug|x64
		Debug|x86 = Debug|x86
		Release|x64 = Release|x64
		Release|x86 = Release|x86
	EndGlobalSection
	GlobalSection(ProjectConfigurationPlatforms) = postSolution
		{B75174A2-2C5A-4E4F-AF71-3776B5FA6EEC}.Debug|x64.ActiveCfg = Debug|x64
		{B75174A2-2C5A-4E4F-AF71-3776B5FA6EEC}.Debug|x64.Build.0 = Debug|x64
		{B75174A2-2C5A-4E4F-AF71-3776B5FA6EEC}.Debug|x86.ActiveCfg = Debug|Win32
		{B75174A2-2C5A-4E4F-AF71-3776B5FA6EEC}.Debug|x86.Build.0 = Debug|Win32
		{B75174A2-2C5A-4E4F-AF71-3776B5FA6EEC}.Release|x64.ActiveCfg = Release|x64
		{B75174A2-2C5A-4E4F-AF71-3776B5FA6EEC}.Release|x64.Build.0 = Release|x64
		{B75174A2-2C5A-4E4F-AF71-3776B5FA6EEC}.Release|x86.ActiveCfg = Release|Win32
		{B75174A2-2C5A-4E4F-AF71-3776B5FA6EEC}.Release|x86.Build.0 = Release|Win32
	EndGlobalSection
	GlobalSection(SolutionProperties) = preSolution
		HideSolutionNode = FALSE
	EndGlobalSection
	GlobalSection(ExtensibilityGlobals) = postSolution
		SolutionGuid = {224C156B-C678-4B90-AA61-61568980233B}
	EndGlobalSection
EndGlobal
